
Microsoft Visual Studio Solution File, Format Version 12.00
# Visual Studio 14
VisualStudioVersion = 14.0.25420.1
MinimumVisualStudioVersion = 10.0.40219.1
Project("{FAE04EC0-301F-11D3-BF4B-00C04F79EFBC}") = "DamMonClient", "DamMonClient\DamMonClient.csproj", "{9D7325B4-384F-4A84-BB7B-49846416848C}"
EndProject
Project("{FAE04EC0-301F-11D3-BF4B-00C04F79EFBC}") = "DamMonWebConsole", "DamMonWebConsole\DamMonWebConsole.csproj", "{2974CE6D-6F07-4119-8726-94E9CD1029A4}"
EndProject
Project("{FAE04EC0-301F-11D3-BF4B-00C04F79EFBC}") = "DamMonService", "DamMonService\DamMonService.csproj", "{F3491114-075C-401C-AFEC-205C632C33D2}"
EndProject
Global
	GlobalSection(SolutionConfigurationPlatforms) = preSolution
		Debug|Any CPU = Debug|Any CPU
		Release|Any CPU = Release|Any CPU
	EndGlobalSection
	GlobalSection(ProjectConfigurationPlatforms) = postSolution
		{9D7325B4-384F-4A84-BB7B-49846416848C}.Debug|Any CPU.ActiveCfg = Debug|Any CPU
		{9D7325B4-384F-4A84-BB7B-49846416848C}.Debug|Any CPU.Build.0 = Debug|Any CPU
		{9D7325B4-384F-4A84-BB7B-49846416848C}.Release|Any CPU.ActiveCfg = Release|Any CPU
		{9D7325B4-384F-4A84-BB7B-49846416848C}.Release|Any CPU.Build.0 = Release|Any CPU
		{2974CE6D-6F07-4119-8726-94E9CD1029A4}.Debug|Any CPU.ActiveCfg = Debug|Any CPU
		{2974CE6D-6F07-4119-8726-94E9CD1029A4}.Debug|Any CPU.Build.0 = Debug|Any CPU
		{2974CE6D-6F07-4119-8726-94E9CD1029A4}.Release|Any CPU.ActiveCfg = Release|Any CPU
		{2974CE6D-6F07-4119-8726-94E9CD1029A4}.Release|Any CPU.Build.0 = Release|Any CPU
		{F3491114-075C-401C-AFEC-205C632C33D2}.Debug|Any CPU.ActiveCfg = Debug|Any CPU
		{F3491114-075C-401C-AFEC-205C632C33D2}.Debug|Any CPU.Build.0 = Debug|Any CPU
		{F3491114-075C-401C-AFEC-205C632C33D2}.Release|Any CPU.ActiveCfg = Release|Any CPU
		{F3491114-075C-401C-AFEC-205C632C33D2}.Release|Any CPU.Build.0 = Release|Any CPU
	EndGlobalSection
	GlobalSection(SolutionProperties) = preSolution
		HideSolutionNode = FALSE
	EndGlobalSection
	GlobalSection(ExtensibilityGlobals) = postSolution
		SolutionGuid = {9186A4EB-1586-4DE5-8D33-79D28EAB657D}
	EndGlobalSection
EndGlobal
